
Microsoft Visual Studio Solution File, Format Version 12.00
# Visual Studio Version 17
VisualStudioVersion = 17.10.34916.146
MinimumVisualStudioVersion = 10.0.40219.1
Project("{FAE04EC0-301F-11D3-BF4B-00C04F79EFBC}") = "AV9", "AV9\AV9.csproj", "{CC0C4530-1E34-4FB2-8BA0-356B5AB26083}"
EndProject
Global
	GlobalSection(SolutionConfigurationPlatforms) = preSolution
		Debug|Any CPU = Debug|Any CPU
		Release|Any CPU = Release|Any CPU
	EndGlobalSection
	GlobalSection(ProjectConfigurationPlatforms) = postSolution
		{CC0C4530-1E34-4FB2-8BA0-356B5AB26083}.Debug|Any CPU.ActiveCfg = Debug|Any CPU
		{CC0C4530-1E34-4FB2-8BA0-356B5AB26083}.Debug|Any CPU.Build.0 = Debug|Any CPU
		{CC0C4530-1E34-4FB2-8BA0-356B5AB26083}.Release|Any CPU.ActiveCfg = Release|Any CPU
		{CC0C4530-1E34-4FB2-8BA0-356B5AB26083}.Release|Any CPU.Build.0 = Release|Any CPU
	EndGlobalSection
	GlobalSection(SolutionProperties) = preSolution
		HideSolutionNode = FALSE
	EndGlobalSection
	GlobalSection(ExtensibilityGlobals) = postSolution
		SolutionGuid = {A3E99AB2-D835-4BDA-81D1-3BC6AB5EC255}
	EndGlobalSection
EndGlobal
