
Microsoft Visual Studio Solution File, Format Version 12.00
# Visual Studio Version 17
VisualStudioVersion = 17.9.34714.143
MinimumVisualStudioVersion = 10.0.40219.1
Project("{FAE04EC0-301F-11D3-BF4B-00C04F79EFBC}") = "K2_CinemaVeles", "K2_CinemaVeles\K2_CinemaVeles.csproj", "{87001A0D-F08B-447A-B058-E1714A51A6FF}"
EndProject
Global
	GlobalSection(SolutionConfigurationPlatforms) = preSolution
		Debug|Any CPU = Debug|Any CPU
		Release|Any CPU = Release|Any CPU
	EndGlobalSection
	GlobalSection(ProjectConfigurationPlatforms) = postSolution
		{87001A0D-F08B-447A-B058-E1714A51A6FF}.Debug|Any CPU.ActiveCfg = Debug|Any CPU
		{87001A0D-F08B-447A-B058-E1714A51A6FF}.Debug|Any CPU.Build.0 = Debug|Any CPU
		{87001A0D-F08B-447A-B058-E1714A51A6FF}.Release|Any CPU.ActiveCfg = Release|Any CPU
		{87001A0D-F08B-447A-B058-E1714A51A6FF}.Release|Any CPU.Build.0 = Release|Any CPU
	EndGlobalSection
	GlobalSection(SolutionProperties) = preSolution
		HideSolutionNode = FALSE
	EndGlobalSection
	GlobalSection(ExtensibilityGlobals) = postSolution
		SolutionGuid = {DA8BCABC-1F28-4780-B601-CF20B0B02DF4}
	EndGlobalSection
EndGlobal
