
Microsoft Visual Studio Solution File, Format Version 12.00
# Visual Studio Version 17
VisualStudioVersion = 17.9.34714.143
MinimumVisualStudioVersion = 10.0.40219.1
Project("{FAE04EC0-301F-11D3-BF4B-00C04F79EFBC}") = "MVC_MusicStore", "MVC_MusicShop\MVC_MusicStore.csproj", "{A4E2487A-DC75-48A6-9228-FA9CD5A9432D}"
EndProject
Global
	GlobalSection(SolutionConfigurationPlatforms) = preSolution
		Debug|Any CPU = Debug|Any CPU
		Release|Any CPU = Release|Any CPU
	EndGlobalSection
	GlobalSection(ProjectConfigurationPlatforms) = postSolution
		{A4E2487A-DC75-48A6-9228-FA9CD5A9432D}.Debug|Any CPU.ActiveCfg = Debug|Any CPU
		{A4E2487A-DC75-48A6-9228-FA9CD5A9432D}.Debug|Any CPU.Build.0 = Debug|Any CPU
		{A4E2487A-DC75-48A6-9228-FA9CD5A9432D}.Release|Any CPU.ActiveCfg = Release|Any CPU
		{A4E2487A-DC75-48A6-9228-FA9CD5A9432D}.Release|Any CPU.Build.0 = Release|Any CPU
	EndGlobalSection
	GlobalSection(SolutionProperties) = preSolution
		HideSolutionNode = FALSE
	EndGlobalSection
	GlobalSection(ExtensibilityGlobals) = postSolution
		SolutionGuid = {9BDC7FE0-10F2-4492-B5BB-D786F0473CB9}
	EndGlobalSection
EndGlobal
