
Microsoft Visual Studio Solution File, Format Version 12.00
# Visual Studio Version 17
VisualStudioVersion = 17.10.34916.146
MinimumVisualStudioVersion = 10.0.40219.1
Project("{FAE04EC0-301F-11D3-BF4B-00C04F79EFBC}") = "MVCBooksChatGPT", "MVCBooksChatGPT\MVCBooksChatGPT.csproj", "{9A47E007-38AC-4413-8877-274A495BB3B9}"
EndProject
Global
	GlobalSection(SolutionConfigurationPlatforms) = preSolution
		Debug|Any CPU = Debug|Any CPU
		Release|Any CPU = Release|Any CPU
	EndGlobalSection
	GlobalSection(ProjectConfigurationPlatforms) = postSolution
		{9A47E007-38AC-4413-8877-274A495BB3B9}.Debug|Any CPU.ActiveCfg = Debug|Any CPU
		{9A47E007-38AC-4413-8877-274A495BB3B9}.Debug|Any CPU.Build.0 = Debug|Any CPU
		{9A47E007-38AC-4413-8877-274A495BB3B9}.Release|Any CPU.ActiveCfg = Release|Any CPU
		{9A47E007-38AC-4413-8877-274A495BB3B9}.Release|Any CPU.Build.0 = Release|Any CPU
	EndGlobalSection
	GlobalSection(SolutionProperties) = preSolution
		HideSolutionNode = FALSE
	EndGlobalSection
	GlobalSection(ExtensibilityGlobals) = postSolution
		SolutionGuid = {E3DB65BF-248F-43FE-AFAD-9C74CEF9C976}
	EndGlobalSection
EndGlobal
